// !$*UTF8*$!
{
	archiveVersion = 1;
	classes = {
	};
	objectVersion = 56;
	objects = {

/* Begin PBXBuildFile section */
		043E4E582AA97AD5001FCF99 /* print_2.html in Resources */ = {isa = PBXBuildFile; fileRef = 043E4E572AA97AD4001FCF99 /* print_2.html */; };
		045CE89E2AAB0C0B007202C4 /* PrintJob.swift in Sources */ = {isa = PBXBuildFile; fileRef = 045CE89D2AAB0C0B007202C4 /* PrintJob.swift */; };
		04B1B4922AA7208300499D09 /* Demo_PrinterApp.swift in Sources */ = {isa = PBXBuildFile; fileRef = 04B1B4912AA7208300499D09 /* Demo_PrinterApp.swift */; };
		04B1B4942AA7208300499D09 /* ContentView.swift in Sources */ = {isa = PBXBuildFile; fileRef = 04B1B4932AA7208300499D09 /* ContentView.swift */; };
		04B1B4962AA7208500499D09 /* Assets.xcassets in Resources */ = {isa = PBXBuildFile; fileRef = 04B1B4952AA7208500499D09 /* Assets.xcassets */; };
		04B1B4992AA7208500499D09 /* Preview Assets.xcassets in Resources */ = {isa = PBXBuildFile; fileRef = 04B1B4982AA7208500499D09 /* Preview Assets.xcassets */; };
		04B1B4A32AA7208500499D09 /* Demo_PrinterTests.swift in Sources */ = {isa = PBXBuildFile; fileRef = 04B1B4A22AA7208500499D09 /* Demo_PrinterTests.swift */; };
		04B1B4AD2AA7208500499D09 /* Demo_PrinterUITests.swift in Sources */ = {isa = PBXBuildFile; fileRef = 04B1B4AC2AA7208500499D09 /* Demo_PrinterUITests.swift */; };
		04B1B4AF2AA7208500499D09 /* Demo_PrinterUITestsLaunchTests.swift in Sources */ = {isa = PBXBuildFile; fileRef = 04B1B4AE2AA7208500499D09 /* Demo_PrinterUITestsLaunchTests.swift */; };
/* End PBXBuildFile section */

/* Begin PBXContainerItemProxy section */
		04B1B49F2AA7208500499D09 /* PBXContainerItemProxy */ = {
			isa = PBXContainerItemProxy;
			containerPortal = 04B1B4862AA7208300499D09 /* Project object */;
			proxyType = 1;
			remoteGlobalIDString = 04B1B48D2AA7208300499D09;
			remoteInfo = "Demo Printer";
		};
		04B1B4A92AA7208500499D09 /* PBXContainerItemProxy */ = {
			isa = PBXContainerItemProxy;
			containerPortal = 04B1B4862AA7208300499D09 /* Project object */;
			proxyType = 1;
			remoteGlobalIDString = 04B1B48D2AA7208300499D09;
			remoteInfo = "Demo Printer";
		};
/* End PBXContainerItemProxy section */

/* Begin PBXFileReference section */
		043E4E572AA97AD4001FCF99 /* print_2.html */ = {isa = PBXFileReference; fileEncoding = 4; lastKnownFileType = text.html; path = print_2.html; sourceTree = "<group>"; };
		045CE89D2AAB0C0B007202C4 /* PrintJob.swift */ = {isa = PBXFileReference; fileEncoding = 4; lastKnownFileType = sourcecode.swift; path = PrintJob.swift; sourceTree = "<group>"; };
		04B1B48E2AA7208300499D09 /* Demo Printer.app */ = {isa = PBXFileReference; explicitFileType = wrapper.application; includeInIndex = 0; path = "Demo Printer.app"; sourceTree = BUILT_PRODUCTS_DIR; };
		04B1B4912AA7208300499D09 /* Demo_PrinterApp.swift */ = {isa = PBXFileReference; lastKnownFileType = sourcecode.swift; path = Demo_PrinterApp.swift; sourceTree = "<group>"; };
		04B1B4932AA7208300499D09 /* ContentView.swift */ = {isa = PBXFileReference; lastKnownFileType = sourcecode.swift; path = ContentView.swift; sourceTree = "<group>"; };
		04B1B4952AA7208500499D09 /* Assets.xcassets */ = {isa = PBXFileReference; lastKnownFileType = folder.assetcatalog; path = Assets.xcassets; sourceTree = "<group>"; };
		04B1B4982AA7208500499D09 /* Preview Assets.xcassets */ = {isa = PBXFileReference; lastKnownFileType = folder.assetcatalog; path = "Preview Assets.xcassets"; sourceTree = "<group>"; };
		04B1B49E2AA7208500499D09 /* Demo PrinterTests.xctest */ = {isa = PBXFileReference; explicitFileType = wrapper.cfbundle; includeInIndex = 0; path = "Demo PrinterTests.xctest"; sourceTree = BUILT_PRODUCTS_DIR; };
		04B1B4A22AA7208500499D09 /* Demo_PrinterTests.swift */ = {isa = PBXFileReference; lastKnownFileType = sourcecode.swift; path = Demo_PrinterTests.swift; sourceTree = "<group>"; };
		04B1B4A82AA7208500499D09 /* Demo PrinterUITests.xctest */ = {isa = PBXFileReference; explicitFileType = wrapper.cfbundle; includeInIndex = 0; path = "Demo PrinterUITests.xctest"; sourceTree = BUILT_PRODUCTS_DIR; };
		04B1B4AC2AA7208500499D09 /* Demo_PrinterUITests.swift */ = {isa = PBXFileReference; lastKnownFileType = sourcecode.swift; path = Demo_PrinterUITests.swift; sourceTree = "<group>"; };
		04B1B4AE2AA7208500499D09 /* Demo_PrinterUITestsLaunchTests.swift */ = {isa = PBXFileReference; lastKnownFileType = sourcecode.swift; path = Demo_PrinterUITestsLaunchTests.swift; sourceTree = "<group>"; };
/* End PBXFileReference section */

/* Begin PBXFrameworksBuildPhase section */
		04B1B48B2AA7208300499D09 /* Frameworks */ = {
			isa = PBXFrameworksBuildPhase;
			buildActionMask = 2147483647;
			files = (
			);
			runOnlyForDeploymentPostprocessing = 0;
		};
		04B1B49B2AA7208500499D09 /* Frameworks */ = {
			isa = PBXFrameworksBuildPhase;
			buildActionMask = 2147483647;
			files = (
			);
			runOnlyForDeploymentPostprocessing = 0;
		};
		04B1B4A52AA7208500499D09 /* Frameworks */ = {
			isa = PBXFrameworksBuildPhase;
			buildActionMask = 2147483647;
			files = (
			);
			runOnlyForDeploymentPostprocessing = 0;
		};
/* End PBXFrameworksBuildPhase section */

/* Begin PBXGroup section */
		04B1B4852AA7208300499D09 = {
			isa = PBXGroup;
			children = (
				04B1B4902AA7208300499D09 /* Demo Printer */,
				04B1B4A12AA7208500499D09 /* Demo PrinterTests */,
				04B1B4AB2AA7208500499D09 /* Demo PrinterUITests */,
				04B1B48F2AA7208300499D09 /* Products */,
			);
			sourceTree = "<group>";
		};
		04B1B48F2AA7208300499D09 /* Products */ = {
			isa = PBXGroup;
			children = (
				04B1B48E2AA7208300499D09 /* Demo Printer.app */,
				04B1B49E2AA7208500499D09 /* Demo PrinterTests.xctest */,
				04B1B4A82AA7208500499D09 /* Demo PrinterUITests.xctest */,
			);
			name = Products;
			sourceTree = "<group>";
		};
		04B1B4902AA7208300499D09 /* Demo Printer */ = {
			isa = PBXGroup;
			children = (
				043E4E572AA97AD4001FCF99 /* print_2.html */,
				04B1B4912AA7208300499D09 /* Demo_PrinterApp.swift */,
				045CE89D2AAB0C0B007202C4 /* PrintJob.swift */,
				04B1B4932AA7208300499D09 /* ContentView.swift */,
				04B1B4952AA7208500499D09 /* Assets.xcassets */,
				04B1B4972AA7208500499D09 /* Preview Content */,
			);
			path = "Demo Printer";
			sourceTree = "<group>";
		};
		04B1B4972AA7208500499D09 /* Preview Content */ = {
			isa = PBXGroup;
			children = (
				04B1B4982AA7208500499D09 /* Preview Assets.xcassets */,
			);
			path = "Preview Content";
			sourceTree = "<group>";
		};
		04B1B4A12AA7208500499D09 /* Demo PrinterTests */ = {
			isa = PBXGroup;
			children = (
				04B1B4A22AA7208500499D09 /* Demo_PrinterTests.swift */,
			);
			path = "Demo PrinterTests";
			sourceTree = "<group>";
		};
		04B1B4AB2AA7208500499D09 /* Demo PrinterUITests */ = {
			isa = PBXGroup;
			children = (
				04B1B4AC2AA7208500499D09 /* Demo_PrinterUITests.swift */,
				04B1B4AE2AA7208500499D09 /* Demo_PrinterUITestsLaunchTests.swift */,
			);
			path = "Demo PrinterUITests";
			sourceTree = "<group>";
		};
/* End PBXGroup section */

/* Begin PBXNativeTarget section */
		04B1B48D2AA7208300499D09 /* Demo Printer */ = {
			isa = PBXNativeTarget;
			buildConfigurationList = 04B1B4B22AA7208500499D09 /* Build configuration list for PBXNativeTarget "Demo Printer" */;
			buildPhases = (
				04B1B48A2AA7208300499D09 /* Sources */,
				04B1B48B2AA7208300499D09 /* Frameworks */,
				04B1B48C2AA7208300499D09 /* Resources */,
			);
			buildRules = (
			);
			dependencies = (
			);
			name = "Demo Printer";
			productName = "Demo Printer";
			productReference = 04B1B48E2AA7208300499D09 /* Demo Printer.app */;
			productType = "com.apple.product-type.application";
		};
		04B1B49D2AA7208500499D09 /* Demo PrinterTests */ = {
			isa = PBXNativeTarget;
			buildConfigurationList = 04B1B4B52AA7208500499D09 /* Build configuration list for PBXNativeTarget "Demo PrinterTests" */;
			buildPhases = (
				04B1B49A2AA7208500499D09 /* Sources */,
				04B1B49B2AA7208500499D09 /* Frameworks */,
				04B1B49C2AA7208500499D09 /* Resources */,
			);
			buildRules = (
			);
			dependencies = (
				04B1B4A02AA7208500499D09 /* PBXTargetDependency */,
			);
			name = "Demo PrinterTests";
			productName = "Demo PrinterTests";
			productReference = 04B1B49E2AA7208500499D09 /* Demo PrinterTests.xctest */;
			productType = "com.apple.product-type.bundle.unit-test";
		};
		04B1B4A72AA7208500499D09 /* Demo PrinterUITests */ = {
			isa = PBXNativeTarget;
			buildConfigurationList = 04B1B4B82AA7208500499D09 /* Build configuration list for PBXNativeTarget "Demo PrinterUITests" */;
			buildPhases = (
				04B1B4A42AA7208500499D09 /* Sources */,
				04B1B4A52AA7208500499D09 /* Frameworks */,
				04B1B4A62AA7208500499D09 /* Resources */,
			);
			buildRules = (
			);
			dependencies = (
				04B1B4AA2AA7208500499D09 /* PBXTargetDependency */,
			);
			name = "Demo PrinterUITests";
			productName = "Demo PrinterUITests";
			productReference = 04B1B4A82AA7208500499D09 /* Demo PrinterUITests.xctest */;
			productType = "com.apple.product-type.bundle.ui-testing";
		};
/* End PBXNativeTarget section */

/* Begin PBXProject section */
		04B1B4862AA7208300499D09 /* Project object */ = {
			isa = PBXProject;
			attributes = {
				BuildIndependentTargetsInParallel = 1;
				LastSwiftUpdateCheck = 1430;
				LastUpgradeCheck = 1430;
				TargetAttributes = {
					04B1B48D2AA7208300499D09 = {
						CreatedOnToolsVersion = 14.3.1;
					};
					04B1B49D2AA7208500499D09 = {
						CreatedOnToolsVersion = 14.3.1;
						TestTargetID = 04B1B48D2AA7208300499D09;
					};
					04B1B4A72AA7208500499D09 = {
						CreatedOnToolsVersion = 14.3.1;
						TestTargetID = 04B1B48D2AA7208300499D09;
					};
				};
			};
			buildConfigurationList = 04B1B4892AA7208300499D09 /* Build configuration list for PBXProject "Demo Printer" */;
			compatibilityVersion = "Xcode 14.0";
			developmentRegion = en;
			hasScannedForEncodings = 0;
			knownRegions = (
				en,
				Base,
			);
			mainGroup = 04B1B4852AA7208300499D09;
			productRefGroup = 04B1B48F2AA7208300499D09 /* Products */;
			projectDirPath = "";
			projectRoot = "";
			targets = (
				04B1B48D2AA7208300499D09 /* Demo Printer */,
				04B1B49D2AA7208500499D09 /* Demo PrinterTests */,
				04B1B4A72AA7208500499D09 /* Demo PrinterUITests */,
			);
		};
/* End PBXProject section */

/* Begin PBXResourcesBuildPhase section */
		04B1B48C2AA7208300499D09 /* Resources */ = {
			isa = PBXResourcesBuildPhase;
			buildActionMask = 2147483647;
			files = (
				04B1B4992AA7208500499D09 /* Preview Assets.xcassets in Resources */,
				043E4E582AA97AD5001FCF99 /* print_2.html in Resources */,
				04B1B4962AA7208500499D09 /* Assets.xcassets in Resources */,
			);
			runOnlyForDeploymentPostprocessing = 0;
		};
		04B1B49C2AA7208500499D09 /* Resources */ = {
			isa = PBXResourcesBuildPhase;
			buildActionMask = 2147483647;
			files = (
			);
			runOnlyForDeploymentPostprocessing = 0;
		};
		04B1B4A62AA7208500499D09 /* Resources */ = {
			isa = PBXResourcesBuildPhase;
			buildActionMask = 2147483647;
			files = (
			);
			runOnlyForDeploymentPostprocessing = 0;
		};
/* End PBXResourcesBuildPhase section */

/* Begin PBXSourcesBuildPhase section */
		04B1B48A2AA7208300499D09 /* Sources */ = {
			isa = PBXSourcesBuildPhase;
			buildActionMask = 2147483647;
			files = (
				04B1B4942AA7208300499D09 /* ContentView.swift in Sources */,
				04B1B4922AA7208300499D09 /* Demo_PrinterApp.swift in Sources */,
				045CE89E2AAB0C0B007202C4 /* PrintJob.swift in Sources */,
			);
			runOnlyForDeploymentPostprocessing = 0;
		};
		04B1B49A2AA7208500499D09 /* Sources */ = {
			isa = PBXSourcesBuildPhase;
			buildActionMask = 2147483647;
			files = (
				04B1B4A32AA7208500499D09 /* Demo_PrinterTests.swift in Sources */,
			);
			runOnlyForDeploymentPostprocessing = 0;
		};
		04B1B4A42AA7208500499D09 /* Sources */ = {
			isa = PBXSourcesBuildPhase;
			buildActionMask = 2147483647;
			files = (
				04B1B4AF2AA7208500499D09 /* Demo_PrinterUITestsLaunchTests.swift in Sources */,
				04B1B4AD2AA7208500499D09 /* Demo_PrinterUITests.swift in Sources */,
			);
			runOnlyForDeploymentPostprocessing = 0;
		};
/* End PBXSourcesBuildPhase section */

/* Begin PBXTargetDependency section */
		04B1B4A02AA7208500499D09 /* PBXTargetDependency */ = {
			isa = PBXTargetDependency;
			target = 04B1B48D2AA7208300499D09 /* Demo Printer */;
			targetProxy = 04B1B49F2AA7208500499D09 /* PBXContainerItemProxy */;
		};
		04B1B4AA2AA7208500499D09 /* PBXTargetDependency */ = {
			isa = PBXTargetDependency;
			target = 04B1B48D2AA7208300499D09 /* Demo Printer */;
			targetProxy = 04B1B4A92AA7208500499D09 /* PBXContainerItemProxy */;
		};
/* End PBXTargetDependency section */

/* Begin XCBuildConfiguration section */
		04B1B4B02AA7208500499D09 /* Debug */ = {
			isa = XCBuildConfiguration;
			buildSettings = {
				ALWAYS_SEARCH_USER_PATHS = NO;
				CLANG_ANALYZER_NONNULL = YES;
				CLANG_ANALYZER_NUMBER_OBJECT_CONVERSION = YES_AGGRESSIVE;
				CLANG_CXX_LANGUAGE_STANDARD = "gnu++20";
				CLANG_ENABLE_MODULES = YES;
				CLANG_ENABLE_OBJC_ARC = YES;
				CLANG_ENABLE_OBJC_WEAK = YES;
				CLANG_WARN_BLOCK_CAPTURE_AUTORELEASING = YES;
				CLANG_WARN_BOOL_CONVERSION = YES;
				CLANG_WARN_COMMA = YES;
				CLANG_WARN_CONSTANT_CONVERSION = YES;
				CLANG_WARN_DEPRECATED_OBJC_IMPLEMENTATIONS = YES;
				CLANG_WARN_DIRECT_OBJC_ISA_USAGE = YES_ERROR;
				CLANG_WARN_DOCUMENTATION_COMMENTS = YES;
				CLANG_WARN_EMPTY_BODY = YES;
				CLANG_WARN_ENUM_CONVERSION = YES;
				CLANG_WARN_INFINITE_RECURSION = YES;
				CLANG_WARN_INT_CONVERSION = YES;
				CLANG_WARN_NON_LITERAL_NULL_CONVERSION = YES;
				CLANG_WARN_OBJC_IMPLICIT_RETAIN_SELF = YES;
				CLANG_WARN_OBJC_LITERAL_CONVERSION = YES;
				CLANG_WARN_OBJC_ROOT_CLASS = YES_ERROR;
				CLANG_WARN_QUOTED_INCLUDE_IN_FRAMEWORK_HEADER = YES;
				CLANG_WARN_RANGE_LOOP_ANALYSIS = YES;
				CLANG_WARN_STRICT_PROTOTYPES = YES;
				CLANG_WARN_SUSPICIOUS_MOVE = YES;
				CLANG_WARN_UNGUARDED_AVAILABILITY = YES_AGGRESSIVE;
				CLANG_WARN_UNREACHABLE_CODE = YES;
				CLANG_WARN__DUPLICATE_METHOD_MATCH = YES;
				COPY_PHASE_STRIP = NO;
				DEBUG_INFORMATION_FORMAT = dwarf;
				ENABLE_STRICT_OBJC_MSGSEND = YES;
				ENABLE_TESTABILITY = YES;
				GCC_C_LANGUAGE_STANDARD = gnu11;
				GCC_DYNAMIC_NO_PIC = NO;
				GCC_NO_COMMON_BLOCKS = YES;
				GCC_OPTIMIZATION_LEVEL = 0;
				GCC_PREPROCESSOR_DEFINITIONS = (
					"DEBUG=1",
					"$(inherited)",
				);
				GCC_WARN_64_TO_32_BIT_CONVERSION = YES;
				GCC_WARN_ABOUT_RETURN_TYPE = YES_ERROR;
				GCC_WARN_UNDECLARED_SELECTOR = YES;
				GCC_WARN_UNINITIALIZED_AUTOS = YES_AGGRESSIVE;
				GCC_WARN_UNUSED_FUNCTION = YES;
				GCC_WARN_UNUSED_VARIABLE = YES;
				IPHONEOS_DEPLOYMENT_TARGET = 16.4;
				MTL_ENABLE_DEBUG_INFO = INCLUDE_SOURCE;
				MTL_FAST_MATH = YES;
				ONLY_ACTIVE_ARCH = YES;
				SDKROOT = iphoneos;
				SWIFT_ACTIVE_COMPILATION_CONDITIONS = DEBUG;
				SWIFT_OPTIMIZATION_LEVEL = "-Onone";
			};
			name = Debug;
		};
		04B1B4B12AA7208500499D09 /* Release */ = {
			isa = XCBuildConfiguration;
			buildSettings = {
				ALWAYS_SEARCH_USER_PATHS = NO;
				CLANG_ANALYZER_NONNULL = YES;
				CLANG_ANALYZER_NUMBER_OBJECT_CONVERSION = YES_AGGRESSIVE;
				CLANG_CXX_LANGUAGE_STANDARD = "gnu++20";
				CLANG_ENABLE_MODULES = YES;
				CLANG_ENABLE_OBJC_ARC = YES;
				CLANG_ENABLE_OBJC_WEAK = YES;
				CLANG_WARN_BLOCK_CAPTURE_AUTORELEASING = YES;
				CLANG_WARN_BOOL_CONVERSION = YES;
				CLANG_WARN_COMMA = YES;
				CLANG_WARN_CONSTANT_CONVERSION = YES;
				CLANG_WARN_DEPRECATED_OBJC_IMPLEMENTATIONS = YES;
				CLANG_WARN_DIRECT_OBJC_ISA_USAGE = YES_ERROR;
				CLANG_WARN_DOCUMENTATION_COMMENTS = YES;
				CLANG_WARN_EMPTY_BODY = YES;
				CLANG_WARN_ENUM_CONVERSION = YES;
				CLANG_WARN_INFINITE_RECURSION = YES;
				CLANG_WARN_INT_CONVERSION = YES;
				CLANG_WARN_NON_LITERAL_NULL_CONVERSION = YES;
				CLANG_WARN_OBJC_IMPLICIT_RETAIN_SELF = YES;
				CLANG_WARN_OBJC_LITERAL_CONVERSION = YES;
				CLANG_WARN_OBJC_ROOT_CLASS = YES_ERROR;
				CLANG_WARN_QUOTED_INCLUDE_IN_FRAMEWORK_HEADER = YES;
				CLANG_WARN_RANGE_LOOP_ANALYSIS = YES;
				CLANG_WARN_STRICT_PROTOTYPES = YES;
				CLANG_WARN_SUSPICIOUS_MOVE = YES;
				CLANG_WARN_UNGUARDED_AVAILABILITY = YES_AGGRESSIVE;
				CLANG_WARN_UNREACHABLE_CODE = YES;
				CLANG_WARN__DUPLICATE_METHOD_MATCH = YES;
				COPY_PHASE_STRIP = NO;
				DEBUG_INFORMATION_FORMAT = "dwarf-with-dsym";
				ENABLE_NS_ASSERTIONS = NO;
				ENABLE_STRICT_OBJC_MSGSEND = YES;
				GCC_C_LANGUAGE_STANDARD = gnu11;
				GCC_NO_COMMON_BLOCKS = YES;
				GCC_WARN_64_TO_32_BIT_CONVERSION = YES;
				GCC_WARN_ABOUT_RETURN_TYPE = YES_ERROR;
				GCC_WARN_UNDECLARED_SELECTOR = YES;
				GCC_WARN_UNINITIALIZED_AUTOS = YES_AGGRESSIVE;
				GCC_WARN_UNUSED_FUNCTION = YES;
				GCC_WARN_UNUSED_VARIABLE = YES;
				IPHONEOS_DEPLOYMENT_TARGET = 16.4;
				MTL_ENABLE_DEBUG_INFO = NO;
				MTL_FAST_MATH = YES;
				SDKROOT = iphoneos;
				SWIFT_COMPILATION_MODE = wholemodule;
				SWIFT_OPTIMIZATION_LEVEL = "-O";
				VALIDATE_PRODUCT = YES;
			};
			name = Release;
		};
		04B1B4B32AA7208500499D09 /* Debug */ = {
			isa = XCBuildConfiguration;
			buildSettings = {
				ASSETCATALOG_COMPILER_APPICON_NAME = AppIcon;
				ASSETCATALOG_COMPILER_GLOBAL_ACCENT_COLOR_NAME = AccentColor;
				CODE_SIGN_STYLE = Automatic;
				CURRENT_PROJECT_VERSION = 1;
				DEVELOPMENT_ASSET_PATHS = "\"Demo Printer/Preview Content\"";
				DEVELOPMENT_TEAM = 73RFTB6ZXL;
				ENABLE_PREVIEWS = YES;
				GENERATE_INFOPLIST_FILE = YES;
				INFOPLIST_KEY_UIApplicationSceneManifest_Generation = YES;
				INFOPLIST_KEY_UIApplicationSupportsIndirectInputEvents = YES;
				INFOPLIST_KEY_UILaunchScreen_Generation = YES;
				INFOPLIST_KEY_UISupportedInterfaceOrientations_iPad = "UIInterfaceOrientationPortrait UIInterfaceOrientationPortraitUpsideDown UIInterfaceOrientationLandscapeLeft UIInterfaceOrientationLandscapeRight";
				INFOPLIST_KEY_UISupportedInterfaceOrientations_iPhone = "UIInterfaceOrientationPortrait UIInterfaceOrientationLandscapeLeft UIInterfaceOrientationLandscapeRight";
				LD_RUNPATH_SEARCH_PATHS = (
					"$(inherited)",
					"@executable_path/Frameworks",
				);
				MARKETING_VERSION = 1.0;
				PRODUCT_BUNDLE_IDENTIFIER = "com.spaceconnect.Demo-Printer";
				PRODUCT_NAME = "$(TARGET_NAME)";
				SWIFT_EMIT_LOC_STRINGS = YES;
				SWIFT_VERSION = 5.0;
				TARGETED_DEVICE_FAMILY = "1,2";
			};
			name = Debug;
		};
		04B1B4B42AA7208500499D09 /* Release */ = {
			isa = XCBuildConfiguration;
			buildSettings = {
				ASSETCATALOG_COMPILER_APPICON_NAME = AppIcon;
				ASSETCATALOG_COMPILER_GLOBAL_ACCENT_COLOR_NAME = AccentColor;
				CODE_SIGN_STYLE = Automatic;
				CURRENT_PROJECT_VERSION = 1;
				DEVELOPMENT_ASSET_PATHS = "\"Demo Printer/Preview Content\"";
				DEVELOPMENT_TEAM = 73RFTB6ZXL;
				ENABLE_PREVIEWS = YES;
				GENERATE_INFOPLIST_FILE = YES;
				INFOPLIST_KEY_UIApplicationSceneManifest_Generation = YES;
				INFOPLIST_KEY_UIApplicationSupportsIndirectInputEvents = YES;
				INFOPLIST_KEY_UILaunchScreen_Generation = YES;
				INFOPLIST_KEY_UISupportedInterfaceOrientations_iPad = "UIInterfaceOrientationPortrait UIInterfaceOrientationPortraitUpsideDown UIInterfaceOrientationLandscapeLeft UIInterfaceOrientationLandscapeRight";
				INFOPLIST_KEY_UISupportedInterfaceOrientations_iPhone = "UIInterfaceOrientationPortrait UIInterfaceOrientationLandscapeLeft UIInterfaceOrientationLandscapeRight";
				LD_RUNPATH_SEARCH_PATHS = (
					"$(inherited)",
					"@executable_path/Frameworks",
				);
				MARKETING_VERSION = 1.0;
				PRODUCT_BUNDLE_IDENTIFIER = "com.spaceconnect.Demo-Printer";
				PRODUCT_NAME = "$(TARGET_NAME)";
				SWIFT_EMIT_LOC_STRINGS = YES;
				SWIFT_VERSION = 5.0;
				TARGETED_DEVICE_FAMILY = "1,2";
			};
			name = Release;
		};
		04B1B4B62AA7208500499D09 /* Debug */ = {
			isa = XCBuildConfiguration;
			buildSettings = {
				ALWAYS_EMBED_SWIFT_STANDARD_LIBRARIES = YES;
				BUNDLE_LOADER = "$(TEST_HOST)";
				CODE_SIGN_STYLE = Automatic;
				CURRENT_PROJECT_VERSION = 1;
				DEVELOPMENT_TEAM = 73RFTB6ZXL;
				GENERATE_INFOPLIST_FILE = YES;
				IPHONEOS_DEPLOYMENT_TARGET = 16.4;
				MARKETING_VERSION = 1.0;
				PRODUCT_BUNDLE_IDENTIFIER = "com.spaceconnect.Demo-PrinterTests";
				PRODUCT_NAME = "$(TARGET_NAME)";
				SWIFT_EMIT_LOC_STRINGS = NO;
				SWIFT_VERSION = 5.0;
				TARGETED_DEVICE_FAMILY = "1,2";
				TEST_HOST = "$(BUILT_PRODUCTS_DIR)/Demo Printer.app/$(BUNDLE_EXECUTABLE_FOLDER_PATH)/Demo Printer";
			};
			name = Debug;
		};
		04B1B4B72AA7208500499D09 /* Release */ = {
			isa = XCBuildConfiguration;
			buildSettings = {
				ALWAYS_EMBED_SWIFT_STANDARD_LIBRARIES = YES;
				BUNDLE_LOADER = "$(TEST_HOST)";
				CODE_SIGN_STYLE = Automatic;
				CURRENT_PROJECT_VERSION = 1;
				DEVELOPMENT_TEAM = 73RFTB6ZXL;
				GENERATE_INFOPLIST_FILE = YES;
				IPHONEOS_DEPLOYMENT_TARGET = 16.4;
				MARKETING_VERSION = 1.0;
				PRODUCT_BUNDLE_IDENTIFIER = "com.spaceconnect.Demo-PrinterTests";
				PRODUCT_NAME = "$(TARGET_NAME)";
				SWIFT_EMIT_LOC_STRINGS = NO;
				SWIFT_VERSION = 5.0;
				TARGETED_DEVICE_FAMILY = "1,2";
				TEST_HOST = "$(BUILT_PRODUCTS_DIR)/Demo Printer.app/$(BUNDLE_EXECUTABLE_FOLDER_PATH)/Demo Printer";
			};
			name = Release;
		};
		04B1B4B92AA7208500499D09 /* Debug */ = {
			isa = XCBuildConfiguration;
			buildSettings = {
				ALWAYS_EMBED_SWIFT_STANDARD_LIBRARIES = YES;
				CODE_SIGN_STYLE = Automatic;
				CURRENT_PROJECT_VERSION = 1;
				DEVELOPMENT_TEAM = 73RFTB6ZXL;
				GENERATE_INFOPLIST_FILE = YES;
				MARKETING_VERSION = 1.0;
				PRODUCT_BUNDLE_IDENTIFIER = "com.spaceconnect.Demo-PrinterUITests";
				PRODUCT_NAME = "$(TARGET_NAME)";
				SWIFT_EMIT_LOC_STRINGS = NO;
				SWIFT_VERSION = 5.0;
				TARGETED_DEVICE_FAMILY = "1,2";
				TEST_TARGET_NAME = "Demo Printer";
			};
			name = Debug;
		};
		04B1B4BA2AA7208500499D09 /* Release */ = {
			isa = XCBuildConfiguration;
			buildSettings = {
				ALWAYS_EMBED_SWIFT_STANDARD_LIBRARIES = YES;
				CODE_SIGN_STYLE = Automatic;
				CURRENT_PROJECT_VERSION = 1;
				DEVELOPMENT_TEAM = 73RFTB6ZXL;
				GENERATE_INFOPLIST_FILE = YES;
				MARKETING_VERSION = 1.0;
				PRODUCT_BUNDLE_IDENTIFIER = "com.spaceconnect.Demo-PrinterUITests";
				PRODUCT_NAME = "$(TARGET_NAME)";
				SWIFT_EMIT_LOC_STRINGS = NO;
				SWIFT_VERSION = 5.0;
				TARGETED_DEVICE_FAMILY = "1,2";
				TEST_TARGET_NAME = "Demo Printer";
			};
			name = Release;
		};
/* End XCBuildConfiguration section */

/* Begin XCConfigurationList section */
		04B1B4892AA7208300499D09 /* Build configuration list for PBXProject "Demo Printer" */ = {
			isa = XCConfigurationList;
			buildConfigurations = (
				04B1B4B02AA7208500499D09 /* Debug */,
				04B1B4B12AA7208500499D09 /* Release */,
			);
			defaultConfigurationIsVisible = 0;
			defaultConfigurationName = Release;
		};
		04B1B4B22AA7208500499D09 /* Build configuration list for PBXNativeTarget "Demo Printer" */ = {
			isa = XCConfigurationList;
			buildConfigurations = (
				04B1B4B32AA7208500499D09 /* Debug */,
				04B1B4B42AA7208500499D09 /* Release */,
			);
			defaultConfigurationIsVisible = 0;
			defaultConfigurationName = Release;
		};
		04B1B4B52AA7208500499D09 /* Build configuration list for PBXNativeTarget "Demo PrinterTests" */ = {
			isa = XCConfigurationList;
			buildConfigurations = (
				04B1B4B62AA7208500499D09 /* Debug */,
				04B1B4B72AA7208500499D09 /* Release */,
			);
			defaultConfigurationIsVisible = 0;
			defaultConfigurationName = Release;
		};
		04B1B4B82AA7208500499D09 /* Build configuration list for PBXNativeTarget "Demo PrinterUITests" */ = {
			isa = XCConfigurationList;
			buildConfigurations = (
				04B1B4B92AA7208500499D09 /* Debug */,
				04B1B4BA2AA7208500499D09 /* Release */,
			);
			defaultConfigurationIsVisible = 0;
			defaultConfigurationName = Release;
		};
/* End XCConfigurationList section */
	};
	rootObject = 04B1B4862AA7208300499D09 /* Project object */;
}
